
Microsoft Visual Studio Solution File, Format Version 12.00
# Visual Studio Version 16
VisualStudioVersion = 16.0.32930.78
MinimumVisualStudioVersion = 10.0.40219.1
Project("{FAE04EC0-301F-11D3-BF4B-00C04F79EFBC}") = "SalesWebMVC", "SalesWebMVC\SalesWebMVC.csproj", "{0243CCCD-ED44-46C8-8F21-C7DA1ADD6995}"
EndProject
Global
	GlobalSection(SolutionConfigurationPlatforms) = preSolution
		Debug|Any CPU = Debug|Any CPU
		Release|Any CPU = Release|Any CPU
	EndGlobalSection
	GlobalSection(ProjectConfigurationPlatforms) = postSolution
		{0243CCCD-ED44-46C8-8F21-C7DA1ADD6995}.Debug|Any CPU.ActiveCfg = Debug|Any CPU
		{0243CCCD-ED44-46C8-8F21-C7DA1ADD6995}.Debug|Any CPU.Build.0 = Debug|Any CPU
		{0243CCCD-ED44-46C8-8F21-C7DA1ADD6995}.Release|Any CPU.ActiveCfg = Release|Any CPU
		{0243CCCD-ED44-46C8-8F21-C7DA1ADD6995}.Release|Any CPU.Build.0 = Release|Any CPU
	EndGlobalSection
	GlobalSection(SolutionProperties) = preSolution
		HideSolutionNode = FALSE
	EndGlobalSection
	GlobalSection(ExtensibilityGlobals) = postSolution
		SolutionGuid = {7E729F97-F1A1-443A-A7EF-47C9307302C9}
	EndGlobalSection
EndGlobal
